github.com/prometheus/client_golang v1.20.4/go.mod h1:PIEt8X02hGcP8JWbeHyeZ53Y/jReSnHgO035n//V5WE=
k8s.io/api v0.30.3/go.mod h1:GPc8jlzoe5JG3pb0KJCSLX5oAFIW3/qNJITlDj8BH04=
k8s.io/apimachinery v0.30.3/go.mod h1:iexa2somDaxdnj7bha06bhb43Zpa6eWH8N8dbqVjTUc=
k8s.io/client-go v0.30.3/go.mod h1:8d4pf8vYu665/kUbsxWAQ/JDBNWqfFeZnvFiVdmx89U=
sigs.k8s.io/controller-runtime v0.18.4/go.mod h1:TVoGrfdpbA9VRFaRnKgk9P5/atA0pMwq+f+msb9M8Sg=
